// !$*UTF8*$!
{
	archiveVersion = 1;
	classes = {
	};
	objectVersion = 56;
	objects = {

/* Begin PBXBuildFile section */
		1E55D5EC2BDFDA1E00023585 /* CustomAlert.swift in Sources */ = {isa = PBXBuildFile; fileRef = 1E55D5EB2BDFDA1E00023585 /* CustomAlert.swift */; };
		1E85D82B2BE7CAEA00961911 /* textBody14.swift in Sources */ = {isa = PBXBuildFile; fileRef = 1E85D82A2BE7CAEA00961911 /* textBody14.swift */; };
		1EBCC4C42BDE61F6000F8589 /* sheetCalculateArea.swift in Sources */ = {isa = PBXBuildFile; fileRef = 1EBCC4C32BDE61F6000F8589 /* sheetCalculateArea.swift */; };
		1EECD5882BE6699D00AAD408 /* popupresultArea.swift in Sources */ = {isa = PBXBuildFile; fileRef = 1EECD5872BE6699D00AAD408 /* popupresultArea.swift */; };
		1EECD58B2BE6991D00AAD408 /* history.swift in Sources */ = {isa = PBXBuildFile; fileRef = 1EECD58A2BE6991D00AAD408 /* history.swift */; };
		1EECD58E2BE69A1B00AAD408 /* historyList.swift in Sources */ = {isa = PBXBuildFile; fileRef = 1EECD58D2BE69A1B00AAD408 /* historyList.swift */; };
		1EF34C6D2BDB35BB00E32C0A /* Tile_EstimateApp.swift in Sources */ = {isa = PBXBuildFile; fileRef = 1EF34C6C2BDB35BB00E32C0A /* Tile_EstimateApp.swift */; };
		1EF34C6F2BDB35BB00E32C0A /* ContentView.swift in Sources */ = {isa = PBXBuildFile; fileRef = 1EF34C6E2BDB35BB00E32C0A /* ContentView.swift */; };
		1EF34C712BDB35BB00E32C0A /* Item.swift in Sources */ = {isa = PBXBuildFile; fileRef = 1EF34C702BDB35BB00E32C0A /* Item.swift */; };
		1EF34C732BDB35BD00E32C0A /* Assets.xcassets in Resources */ = {isa = PBXBuildFile; fileRef = 1EF34C722BDB35BD00E32C0A /* Assets.xcassets */; };
		1EF34C762BDB35BD00E32C0A /* Preview Assets.xcassets in Resources */ = {isa = PBXBuildFile; fileRef = 1EF34C752BDB35BD00E32C0A /* Preview Assets.xcassets */; };
		1EF34C822BDB35BD00E32C0A /* Tile_EstimateTests.swift in Sources */ = {isa = PBXBuildFile; fileRef = 1EF34C812BDB35BD00E32C0A /* Tile_EstimateTests.swift */; };
		1EF34C8C2BDB35BD00E32C0A /* Tile_EstimateUITests.swift in Sources */ = {isa = PBXBuildFile; fileRef = 1EF34C8B2BDB35BD00E32C0A /* Tile_EstimateUITests.swift */; };
		1EF34C8E2BDB35BD00E32C0A /* Tile_EstimateUITestsLaunchTests.swift in Sources */ = {isa = PBXBuildFile; fileRef = 1EF34C8D2BDB35BD00E32C0A /* Tile_EstimateUITestsLaunchTests.swift */; };
		1EF34C9F2BDB382400E32C0A /* trash.swift in Sources */ = {isa = PBXBuildFile; fileRef = 1EF34C9E2BDB382400E32C0A /* trash.swift */; };
		1EF34CA12BDB4E1B00E32C0A /* splashScreenView.swift in Sources */ = {isa = PBXBuildFile; fileRef = 1EF34CA02BDB4E1B00E32C0A /* splashScreenView.swift */; };
		1EF34CA32BDB9A5D00E32C0A /* button.swift in Sources */ = {isa = PBXBuildFile; fileRef = 1EF34CA22BDB9A5D00E32C0A /* button.swift */; };
		1EF34CA72BDCA08A00E32C0A /* textfieldInput.swift in Sources */ = {isa = PBXBuildFile; fileRef = 1EF34CA62BDCA08A00E32C0A /* textfieldInput.swift */; };
		1EF34CA92BDCB84F00E32C0A /* colorConverter.swift in Sources */ = {isa = PBXBuildFile; fileRef = 1EF34CA82BDCB84F00E32C0A /* colorConverter.swift */; };
		1EF34CAB2BDCDEC700E32C0A /* textHeadingFitur.swift in Sources */ = {isa = PBXBuildFile; fileRef = 1EF34CAA2BDCDEC700E32C0A /* textHeadingFitur.swift */; };
		1EF34CAD2BDCDFFF00E32C0A /* textSubHeadingGrouping.swift in Sources */ = {isa = PBXBuildFile; fileRef = 1EF34CAC2BDCDFFF00E32C0A /* textSubHeadingGrouping.swift */; };
		1EF34CAF2BDCE0D300E32C0A /* textHeading.swift in Sources */ = {isa = PBXBuildFile; fileRef = 1EF34CAE2BDCE0D300E32C0A /* textHeading.swift */; };
		1EF34CB12BDCE17100E32C0A /* textBody17.swift in Sources */ = {isa = PBXBuildFile; fileRef = 1EF34CB02BDCE17100E32C0A /* textBody17.swift */; };
		1EF34CB32BDCE22400E32C0A /* textBody12.swift in Sources */ = {isa = PBXBuildFile; fileRef = 1EF34CB22BDCE22400E32C0A /* textBody12.swift */; };
		1EF34CB52BDCE2B300E32C0A /* textBody10.swift in Sources */ = {isa = PBXBuildFile; fileRef = 1EF34CB42BDCE2B300E32C0A /* textBody10.swift */; };
		1EF34CB72BDCE91300E32C0A /* pickerDropdown.swift in Sources */ = {isa = PBXBuildFile; fileRef = 1EF34CB62BDCE91300E32C0A /* pickerDropdown.swift */; };
		1EF34CB92BDCF02B00E32C0A /* alert.swift in Sources */ = {isa = PBXBuildFile; fileRef = 1EF34CB82BDCF02B00E32C0A /* alert.swift */; };
		1EF34CBB2BDD2F2E00E32C0A /* card.swift in Sources */ = {isa = PBXBuildFile; fileRef = 1EF34CBA2BDD2F2E00E32C0A /* card.swift */; };
		1EF34CC12BDD325B00E32C0A /* QuickCount.swift in Sources */ = {isa = PBXBuildFile; fileRef = 1EF34CC02BDD325B00E32C0A /* QuickCount.swift */; };
		1EF34CC32BDDF9F500E32C0A /* popupResult.swift in Sources */ = {isa = PBXBuildFile; fileRef = 1EF34CC22BDDF9F500E32C0A /* popupResult.swift */; };
/* End PBXBuildFile section */

/* Begin PBXContainerItemProxy section */
		1EF34C7E2BDB35BD00E32C0A /* PBXContainerItemProxy */ = {
			isa = PBXContainerItemProxy;
			containerPortal = 1EF34C612BDB35BB00E32C0A /* Project object */;
			proxyType = 1;
			remoteGlobalIDString = 1EF34C682BDB35BB00E32C0A;
			remoteInfo = "Tile Estimate";
		};
		1EF34C882BDB35BD00E32C0A /* PBXContainerItemProxy */ = {
			isa = PBXContainerItemProxy;
			containerPortal = 1EF34C612BDB35BB00E32C0A /* Project object */;
			proxyType = 1;
			remoteGlobalIDString = 1EF34C682BDB35BB00E32C0A;
			remoteInfo = "Tile Estimate";
		};
/* End PBXContainerItemProxy section */

/* Begin PBXFileReference section */
		1E55D5EB2BDFDA1E00023585 /* CustomAlert.swift */ = {isa = PBXFileReference; lastKnownFileType = sourcecode.swift; path = CustomAlert.swift; sourceTree = "<group>"; };
		1E85D82A2BE7CAEA00961911 /* textBody14.swift */ = {isa = PBXFileReference; lastKnownFileType = sourcecode.swift; path = textBody14.swift; sourceTree = "<group>"; };
		1EBCC4C32BDE61F6000F8589 /* sheetCalculateArea.swift */ = {isa = PBXFileReference; lastKnownFileType = sourcecode.swift; path = sheetCalculateArea.swift; sourceTree = "<group>"; };
		1EECD5872BE6699D00AAD408 /* popupresultArea.swift */ = {isa = PBXFileReference; lastKnownFileType = sourcecode.swift; path = popupresultArea.swift; sourceTree = "<group>"; };
		1EECD58A2BE6991D00AAD408 /* history.swift */ = {isa = PBXFileReference; lastKnownFileType = sourcecode.swift; path = history.swift; sourceTree = "<group>"; };
		1EECD58D2BE69A1B00AAD408 /* historyList.swift */ = {isa = PBXFileReference; lastKnownFileType = sourcecode.swift; path = historyList.swift; sourceTree = "<group>"; };
		1EF34C692BDB35BB00E32C0A /* Tile Estimate.app */ = {isa = PBXFileReference; explicitFileType = wrapper.application; includeInIndex = 0; path = "Tile Estimate.app"; sourceTree = BUILT_PRODUCTS_DIR; };
		1EF34C6C2BDB35BB00E32C0A /* Tile_EstimateApp.swift */ = {isa = PBXFileReference; lastKnownFileType = sourcecode.swift; path = Tile_EstimateApp.swift; sourceTree = "<group>"; };
		1EF34C6E2BDB35BB00E32C0A /* ContentView.swift */ = {isa = PBXFileReference; lastKnownFileType = sourcecode.swift; path = ContentView.swift; sourceTree = "<group>"; };
		1EF34C702BDB35BB00E32C0A /* Item.swift */ = {isa = PBXFileReference; lastKnownFileType = sourcecode.swift; path = Item.swift; sourceTree = "<group>"; };
		1EF34C722BDB35BD00E32C0A /* Assets.xcassets */ = {isa = PBXFileReference; lastKnownFileType = folder.assetcatalog; path = Assets.xcassets; sourceTree = "<group>"; };
		1EF34C752BDB35BD00E32C0A /* Preview Assets.xcassets */ = {isa = PBXFileReference; lastKnownFileType = folder.assetcatalog; path = "Preview Assets.xcassets"; sourceTree = "<group>"; };
		1EF34C772BDB35BD00E32C0A /* Tile_Estimate.entitlements */ = {isa = PBXFileReference; lastKnownFileType = text.plist.entitlements; path = Tile_Estimate.entitlements; sourceTree = "<group>"; };
		1EF34C782BDB35BD00E32C0A /* Info.plist */ = {isa = PBXFileReference; lastKnownFileType = text.plist.xml; path = Info.plist; sourceTree = "<group>"; };
		1EF34C7D2BDB35BD00E32C0A /* Tile EstimateTests.xctest */ = {isa = PBXFileReference; explicitFileType = wrapper.cfbundle; includeInIndex = 0; path = "Tile EstimateTests.xctest"; sourceTree = BUILT_PRODUCTS_DIR; };
		1EF34C812BDB35BD00E32C0A /* Tile_EstimateTests.swift */ = {isa = PBXFileReference; lastKnownFileType = sourcecode.swift; path = Tile_EstimateTests.swift; sourceTree = "<group>"; };
		1EF34C872BDB35BD00E32C0A /* Tile EstimateUITests.xctest */ = {isa = PBXFileReference; explicitFileType = wrapper.cfbundle; includeInIndex = 0; path = "Tile EstimateUITests.xctest"; sourceTree = BUILT_PRODUCTS_DIR; };
		1EF34C8B2BDB35BD00E32C0A /* Tile_EstimateUITests.swift */ = {isa = PBXFileReference; lastKnownFileType = sourcecode.swift; path = Tile_EstimateUITests.swift; sourceTree = "<group>"; };
		1EF34C8D2BDB35BD00E32C0A /* Tile_EstimateUITestsLaunchTests.swift */ = {isa = PBXFileReference; lastKnownFileType = sourcecode.swift; path = Tile_EstimateUITestsLaunchTests.swift; sourceTree = "<group>"; };
		1EF34C9E2BDB382400E32C0A /* trash.swift */ = {isa = PBXFileReference; lastKnownFileType = sourcecode.swift; path = trash.swift; sourceTree = "<group>"; };
		1EF34CA02BDB4E1B00E32C0A /* splashScreenView.swift */ = {isa = PBXFileReference; lastKnownFileType = sourcecode.swift; path = splashScreenView.swift; sourceTree = "<group>"; };
		1EF34CA22BDB9A5D00E32C0A /* button.swift */ = {isa = PBXFileReference; lastKnownFileType = sourcecode.swift; path = button.swift; sourceTree = "<group>"; };
		1EF34CA62BDCA08A00E32C0A /* textfieldInput.swift */ = {isa = PBXFileReference; lastKnownFileType = sourcecode.swift; path = textfieldInput.swift; sourceTree = "<group>"; };
		1EF34CA82BDCB84F00E32C0A /* colorConverter.swift */ = {isa = PBXFileReference; lastKnownFileType = sourcecode.swift; path = colorConverter.swift; sourceTree = "<group>"; };
		1EF34CAA2BDCDEC700E32C0A /* textHeadingFitur.swift */ = {isa = PBXFileReference; lastKnownFileType = sourcecode.swift; path = textHeadingFitur.swift; sourceTree = "<group>"; };
		1EF34CAC2BDCDFFF00E32C0A /* textSubHeadingGrouping.swift */ = {isa = PBXFileReference; lastKnownFileType = sourcecode.swift; path = textSubHeadingGrouping.swift; sourceTree = "<group>"; };
		1EF34CAE2BDCE0D300E32C0A /* textHeading.swift */ = {isa = PBXFileReference; lastKnownFileType = sourcecode.swift; path = textHeading.swift; sourceTree = "<group>"; };
		1EF34CB02BDCE17100E32C0A /* textBody17.swift */ = {isa = PBXFileReference; lastKnownFileType = sourcecode.swift; path = textBody17.swift; sourceTree = "<group>"; };
		1EF34CB22BDCE22400E32C0A /* textBody12.swift */ = {isa = PBXFileReference; lastKnownFileType = sourcecode.swift; path = textBody12.swift; sourceTree = "<group>"; };
		1EF34CB42BDCE2B300E32C0A /* textBody10.swift */ = {isa = PBXFileReference; lastKnownFileType = sourcecode.swift; path = textBody10.swift; sourceTree = "<group>"; };
		1EF34CB62BDCE91300E32C0A /* pickerDropdown.swift */ = {isa = PBXFileReference; lastKnownFileType = sourcecode.swift; path = pickerDropdown.swift; sourceTree = "<group>"; };
		1EF34CB82BDCF02B00E32C0A /* alert.swift */ = {isa = PBXFileReference; lastKnownFileType = sourcecode.swift; path = alert.swift; sourceTree = "<group>"; };
		1EF34CBA2BDD2F2E00E32C0A /* card.swift */ = {isa = PBXFileReference; lastKnownFileType = sourcecode.swift; path = card.swift; sourceTree = "<group>"; };
		1EF34CC02BDD325B00E32C0A /* QuickCount.swift */ = {isa = PBXFileReference; lastKnownFileType = sourcecode.swift; path = QuickCount.swift; sourceTree = "<group>"; };
		1EF34CC22BDDF9F500E32C0A /* popupResult.swift */ = {isa = PBXFileReference; lastKnownFileType = sourcecode.swift; path = popupResult.swift; sourceTree = "<group>"; };
/* End PBXFileReference section */

/* Begin PBXFrameworksBuildPhase section */
		1EF34C662BDB35BB00E32C0A /* Frameworks */ = {
			isa = PBXFrameworksBuildPhase;
			buildActionMask = 2147483647;
			files = (
			);
			runOnlyForDeploymentPostprocessing = 0;
		};
		1EF34C7A2BDB35BD00E32C0A /* Frameworks */ = {
			isa = PBXFrameworksBuildPhase;
			buildActionMask = 2147483647;
			files = (
			);
			runOnlyForDeploymentPostprocessing = 0;
		};
		1EF34C842BDB35BD00E32C0A /* Frameworks */ = {
			isa = PBXFrameworksBuildPhase;
			buildActionMask = 2147483647;
			files = (
			);
			runOnlyForDeploymentPostprocessing = 0;
		};
/* End PBXFrameworksBuildPhase section */

/* Begin PBXGroup section */
		1EECD5892BE6990A00AAD408 /* Model */ = {
			isa = PBXGroup;
			children = (
				1EECD58A2BE6991D00AAD408 /* history.swift */,
			);
			path = Model;
			sourceTree = "<group>";
		};
		1EECD58C2BE69A0800AAD408 /* History */ = {
			isa = PBXGroup;
			children = (
				1EECD58D2BE69A1B00AAD408 /* historyList.swift */,
			);
			path = History;
			sourceTree = "<group>";
		};
		1EF34C602BDB35BB00E32C0A = {
			isa = PBXGroup;
			children = (
				1EF34C6B2BDB35BB00E32C0A /* Tile Estimate */,
				1EF34C802BDB35BD00E32C0A /* Tile EstimateTests */,
				1EF34C8A2BDB35BD00E32C0A /* Tile EstimateUITests */,
				1EF34C6A2BDB35BB00E32C0A /* Products */,
			);
			sourceTree = "<group>";
		};
		1EF34C6A2BDB35BB00E32C0A /* Products */ = {
			isa = PBXGroup;
			children = (
				1EF34C692BDB35BB00E32C0A /* Tile Estimate.app */,
				1EF34C7D2BDB35BD00E32C0A /* Tile EstimateTests.xctest */,
				1EF34C872BDB35BD00E32C0A /* Tile EstimateUITests.xctest */,
			);
			name = Products;
			sourceTree = "<group>";
		};
		1EF34C6B2BDB35BB00E32C0A /* Tile Estimate */ = {
			isa = PBXGroup;
			children = (
				1EECD5892BE6990A00AAD408 /* Model */,
				1EF34C9C2BDB378100E32C0A /* Components */,
				1EF34C9A2BDB375500E32C0A /* Pages */,
				1EF34C6C2BDB35BB00E32C0A /* Tile_EstimateApp.swift */,
				1EF34C702BDB35BB00E32C0A /* Item.swift */,
				1EF34C722BDB35BD00E32C0A /* Assets.xcassets */,
				1EF34C772BDB35BD00E32C0A /* Tile_Estimate.entitlements */,
				1EF34C782BDB35BD00E32C0A /* Info.plist */,
				1EF34C742BDB35BD00E32C0A /* Preview Content */,
			);
			path = "Tile Estimate";
			sourceTree = "<group>";
		};
		1EF34C742BDB35BD00E32C0A /* Preview Content */ = {
			isa = PBXGroup;
			children = (
				1EF34C752BDB35BD00E32C0A /* Preview Assets.xcassets */,
			);
			path = "Preview Content";
			sourceTree = "<group>";
		};
		1EF34C802BDB35BD00E32C0A /* Tile EstimateTests */ = {
			isa = PBXGroup;
			children = (
				1EF34C812BDB35BD00E32C0A /* Tile_EstimateTests.swift */,
			);
			path = "Tile EstimateTests";
			sourceTree = "<group>";
		};
		1EF34C8A2BDB35BD00E32C0A /* Tile EstimateUITests */ = {
			isa = PBXGroup;
			children = (
				1EF34C8B2BDB35BD00E32C0A /* Tile_EstimateUITests.swift */,
				1EF34C8D2BDB35BD00E32C0A /* Tile_EstimateUITestsLaunchTests.swift */,
			);
			path = "Tile EstimateUITests";
			sourceTree = "<group>";
		};
		1EF34C9A2BDB375500E32C0A /* Pages */ = {
			isa = PBXGroup;
			children = (
				1EECD58C2BE69A0800AAD408 /* History */,
				1EF34CBF2BDD323900E32C0A /* Result */,
				1EF34CBE2BDD322C00E32C0A /* Calculate With Area */,
				1EF34CBC2BDD320800E32C0A /* Quick Count */,
				1EF34C9D2BDB37DD00E32C0A /* Splash Screen */,
				1EF34C6E2BDB35BB00E32C0A /* ContentView.swift */,
			);
			path = Pages;
			sourceTree = "<group>";
		};
		1EF34C9C2BDB378100E32C0A /* Components */ = {
			isa = PBXGroup;
			children = (
				1EF34CA22BDB9A5D00E32C0A /* button.swift */,
				1EF34CA62BDCA08A00E32C0A /* textfieldInput.swift */,
				1EF34CA82BDCB84F00E32C0A /* colorConverter.swift */,
				1EF34CAA2BDCDEC700E32C0A /* textHeadingFitur.swift */,
				1EF34CAC2BDCDFFF00E32C0A /* textSubHeadingGrouping.swift */,
				1EF34CAE2BDCE0D300E32C0A /* textHeading.swift */,
				1EF34CB02BDCE17100E32C0A /* textBody17.swift */,
				1E85D82A2BE7CAEA00961911 /* textBody14.swift */,
				1EF34CB22BDCE22400E32C0A /* textBody12.swift */,
				1EF34CB42BDCE2B300E32C0A /* textBody10.swift */,
				1EF34CB62BDCE91300E32C0A /* pickerDropdown.swift */,
				1EF34CB82BDCF02B00E32C0A /* alert.swift */,
				1EF34CBA2BDD2F2E00E32C0A /* card.swift */,
				1E55D5EB2BDFDA1E00023585 /* CustomAlert.swift */,
			);
			path = Components;
			sourceTree = "<group>";
		};
		1EF34C9D2BDB37DD00E32C0A /* Splash Screen */ = {
			isa = PBXGroup;
			children = (
				1EF34C9E2BDB382400E32C0A /* trash.swift */,
				1EF34CA02BDB4E1B00E32C0A /* splashScreenView.swift */,
			);
			path = "Splash Screen";
			sourceTree = "<group>";
		};
		1EF34CBC2BDD320800E32C0A /* Quick Count */ = {
			isa = PBXGroup;
			children = (
				1EF34CC02BDD325B00E32C0A /* QuickCount.swift */,
			);
			path = "Quick Count";
			sourceTree = "<group>";
		};
		1EF34CBE2BDD322C00E32C0A /* Calculate With Area */ = {
			isa = PBXGroup;
			children = (
				1EBCC4C32BDE61F6000F8589 /* sheetCalculateArea.swift */,
			);
			path = "Calculate With Area";
			sourceTree = "<group>";
		};
		1EF34CBF2BDD323900E32C0A /* Result */ = {
			isa = PBXGroup;
			children = (
				1EF34CC22BDDF9F500E32C0A /* popupResult.swift */,
				1EECD5872BE6699D00AAD408 /* popupresultArea.swift */,
			);
			path = Result;
			sourceTree = "<group>";
		};
/* End PBXGroup section */

/* Begin PBXNativeTarget section */
		1EF34C682BDB35BB00E32C0A /* Tile Estimate */ = {
			isa = PBXNativeTarget;
			buildConfigurationList = 1EF34C912BDB35BD00E32C0A /* Build configuration list for PBXNativeTarget "Tile Estimate" */;
			buildPhases = (
				1EF34C652BDB35BB00E32C0A /* Sources */,
				1EF34C662BDB35BB00E32C0A /* Frameworks */,
				1EF34C672BDB35BB00E32C0A /* Resources */,
			);
			buildRules = (
			);
			dependencies = (
			);
			name = "Tile Estimate";
			productName = "Tile Estimate";
			productReference = 1EF34C692BDB35BB00E32C0A /* Tile Estimate.app */;
			productType = "com.apple.product-type.application";
		};
		1EF34C7C2BDB35BD00E32C0A /* Tile EstimateTests */ = {
			isa = PBXNativeTarget;
			buildConfigurationList = 1EF34C942BDB35BD00E32C0A /* Build configuration list for PBXNativeTarget "Tile EstimateTests" */;
			buildPhases = (
				1EF34C792BDB35BD00E32C0A /* Sources */,
				1EF34C7A2BDB35BD00E32C0A /* Frameworks */,
				1EF34C7B2BDB35BD00E32C0A /* Resources */,
			);
			buildRules = (
			);
			dependencies = (
				1EF34C7F2BDB35BD00E32C0A /* PBXTargetDependency */,
			);
			name = "Tile EstimateTests";
			productName = "Tile EstimateTests";
			productReference = 1EF34C7D2BDB35BD00E32C0A /* Tile EstimateTests.xctest */;
			productType = "com.apple.product-type.bundle.unit-test";
		};
		1EF34C862BDB35BD00E32C0A /* Tile EstimateUITests */ = {
			isa = PBXNativeTarget;
			buildConfigurationList = 1EF34C972BDB35BD00E32C0A /* Build configuration list for PBXNativeTarget "Tile EstimateUITests" */;
			buildPhases = (
				1EF34C832BDB35BD00E32C0A /* Sources */,
				1EF34C842BDB35BD00E32C0A /* Frameworks */,
				1EF34C852BDB35BD00E32C0A /* Resources */,
			);
			buildRules = (
			);
			dependencies = (
				1EF34C892BDB35BD00E32C0A /* PBXTargetDependency */,
			);
			name = "Tile EstimateUITests";
			productName = "Tile EstimateUITests";
			productReference = 1EF34C872BDB35BD00E32C0A /* Tile EstimateUITests.xctest */;
			productType = "com.apple.product-type.bundle.ui-testing";
		};
/* End PBXNativeTarget section */

/* Begin PBXProject section */
		1EF34C612BDB35BB00E32C0A /* Project object */ = {
			isa = PBXProject;
			attributes = {
				BuildIndependentTargetsInParallel = 1;
				LastSwiftUpdateCheck = 1520;
				LastUpgradeCheck = 1520;
				TargetAttributes = {
					1EF34C682BDB35BB00E32C0A = {
						CreatedOnToolsVersion = 15.2;
					};
					1EF34C7C2BDB35BD00E32C0A = {
						CreatedOnToolsVersion = 15.2;
						TestTargetID = 1EF34C682BDB35BB00E32C0A;
					};
					1EF34C862BDB35BD00E32C0A = {
						CreatedOnToolsVersion = 15.2;
						TestTargetID = 1EF34C682BDB35BB00E32C0A;
					};
				};
			};
			buildConfigurationList = 1EF34C642BDB35BB00E32C0A /* Build configuration list for PBXProject "Tile Estimate" */;
			compatibilityVersion = "Xcode 14.0";
			developmentRegion = en;
			hasScannedForEncodings = 0;
			knownRegions = (
				en,
				Base,
			);
			mainGroup = 1EF34C602BDB35BB00E32C0A;
			productRefGroup = 1EF34C6A2BDB35BB00E32C0A /* Products */;
			projectDirPath = "";
			projectRoot = "";
			targets = (
				1EF34C682BDB35BB00E32C0A /* Tile Estimate */,
				1EF34C7C2BDB35BD00E32C0A /* Tile EstimateTests */,
				1EF34C862BDB35BD00E32C0A /* Tile EstimateUITests */,
			);
		};
/* End PBXProject section */

/* Begin PBXResourcesBuildPhase section */
		1EF34C672BDB35BB00E32C0A /* Resources */ = {
			isa = PBXResourcesBuildPhase;
			buildActionMask = 2147483647;
			files = (
				1EF34C762BDB35BD00E32C0A /* Preview Assets.xcassets in Resources */,
				1EF34C732BDB35BD00E32C0A /* Assets.xcassets in Resources */,
			);
			runOnlyForDeploymentPostprocessing = 0;
		};
		1EF34C7B2BDB35BD00E32C0A /* Resources */ = {
			isa = PBXResourcesBuildPhase;
			buildActionMask = 2147483647;
			files = (
			);
			runOnlyForDeploymentPostprocessing = 0;
		};
		1EF34C852BDB35BD00E32C0A /* Resources */ = {
			isa = PBXResourcesBuildPhase;
			buildActionMask = 2147483647;
			files = (
			);
			runOnlyForDeploymentPostprocessing = 0;
		};
/* End PBXResourcesBuildPhase section */

/* Begin PBXSourcesBuildPhase section */
		1EF34C652BDB35BB00E32C0A /* Sources */ = {
			isa = PBXSourcesBuildPhase;
			buildActionMask = 2147483647;
			files = (
				1EF34C6F2BDB35BB00E32C0A /* ContentView.swift in Sources */,
				1EF34CB52BDCE2B300E32C0A /* textBody10.swift in Sources */,
				1EF34CA12BDB4E1B00E32C0A /* splashScreenView.swift in Sources */,
				1EF34CBB2BDD2F2E00E32C0A /* card.swift in Sources */,
				1EF34C9F2BDB382400E32C0A /* trash.swift in Sources */,
				1EF34CA72BDCA08A00E32C0A /* textfieldInput.swift in Sources */,
				1EF34C712BDB35BB00E32C0A /* Item.swift in Sources */,
				1EF34CAD2BDCDFFF00E32C0A /* textSubHeadingGrouping.swift in Sources */,
				1EF34CB12BDCE17100E32C0A /* textBody17.swift in Sources */,
				1EF34CB72BDCE91300E32C0A /* pickerDropdown.swift in Sources */,
				1EECD58B2BE6991D00AAD408 /* history.swift in Sources */,
				1EF34CAB2BDCDEC700E32C0A /* textHeadingFitur.swift in Sources */,
				1EF34CA32BDB9A5D00E32C0A /* button.swift in Sources */,
				1EF34CC32BDDF9F500E32C0A /* popupResult.swift in Sources */,
				1E85D82B2BE7CAEA00961911 /* textBody14.swift in Sources */,
				1EF34CAF2BDCE0D300E32C0A /* textHeading.swift in Sources */,
				1EF34CA92BDCB84F00E32C0A /* colorConverter.swift in Sources */,
				1EF34C6D2BDB35BB00E32C0A /* Tile_EstimateApp.swift in Sources */,
				1EF34CB92BDCF02B00E32C0A /* alert.swift in Sources */,
				1EF34CB32BDCE22400E32C0A /* textBody12.swift in Sources */,
				1E55D5EC2BDFDA1E00023585 /* CustomAlert.swift in Sources */,
				1EF34CC12BDD325B00E32C0A /* QuickCount.swift in Sources */,
				1EECD5882BE6699D00AAD408 /* popupresultArea.swift in Sources */,
				1EECD58E2BE69A1B00AAD408 /* historyList.swift in Sources */,
				1EBCC4C42BDE61F6000F8589 /* sheetCalculateArea.swift in Sources */,
			);
			runOnlyForDeploymentPostprocessing = 0;
		};
		1EF34C792BDB35BD00E32C0A /* Sources */ = {
			isa = PBXSourcesBuildPhase;
			buildActionMask = 2147483647;
			files = (
				1EF34C822BDB35BD00E32C0A /* Tile_EstimateTests.swift in Sources */,
			);
			runOnlyForDeploymentPostprocessing = 0;
		};
		1EF34C832BDB35BD00E32C0A /* Sources */ = {
			isa = PBXSourcesBuildPhase;
			buildActionMask = 2147483647;
			files = (
				1EF34C8E2BDB35BD00E32C0A /* Tile_EstimateUITestsLaunchTests.swift in Sources */,
				1EF34C8C2BDB35BD00E32C0A /* Tile_EstimateUITests.swift in Sources */,
			);
			runOnlyForDeploymentPostprocessing = 0;
		};
/* End PBXSourcesBuildPhase section */

/* Begin PBXTargetDependency section */
		1EF34C7F2BDB35BD00E32C0A /* PBXTargetDependency */ = {
			isa = PBXTargetDependency;
			target = 1EF34C682BDB35BB00E32C0A /* Tile Estimate */;
			targetProxy = 1EF34C7E2BDB35BD00E32C0A /* PBXContainerItemProxy */;
		};
		1EF34C892BDB35BD00E32C0A /* PBXTargetDependency */ = {
			isa = PBXTargetDependency;
			target = 1EF34C682BDB35BB00E32C0A /* Tile Estimate */;
			targetProxy = 1EF34C882BDB35BD00E32C0A /* PBXContainerItemProxy */;
		};
/* End PBXTargetDependency section */

/* Begin XCBuildConfiguration section */
		1EF34C8F2BDB35BD00E32C0A /* Debug */ = {
			isa = XCBuildConfiguration;
			buildSettings = {
				ALWAYS_SEARCH_USER_PATHS = NO;
				ASSETCATALOG_COMPILER_GENERATE_SWIFT_ASSET_SYMBOL_EXTENSIONS = YES;
				CLANG_ANALYZER_NONNULL = YES;
				CLANG_ANALYZER_NUMBER_OBJECT_CONVERSION = YES_AGGRESSIVE;
				CLANG_CXX_LANGUAGE_STANDARD = "gnu++20";
				CLANG_ENABLE_MODULES = YES;
				CLANG_ENABLE_OBJC_ARC = YES;
				CLANG_ENABLE_OBJC_WEAK = YES;
				CLANG_WARN_BLOCK_CAPTURE_AUTORELEASING = YES;
				CLANG_WARN_BOOL_CONVERSION = YES;
				CLANG_WARN_COMMA = YES;
				CLANG_WARN_CONSTANT_CONVERSION = YES;
				CLANG_WARN_DEPRECATED_OBJC_IMPLEMENTATIONS = YES;
				CLANG_WARN_DIRECT_OBJC_ISA_USAGE = YES_ERROR;
				CLANG_WARN_DOCUMENTATION_COMMENTS = YES;
				CLANG_WARN_EMPTY_BODY = YES;
				CLANG_WARN_ENUM_CONVERSION = YES;
				CLANG_WARN_INFINITE_RECURSION = YES;
				CLANG_WARN_INT_CONVERSION = YES;
				CLANG_WARN_NON_LITERAL_NULL_CONVERSION = YES;
				CLANG_WARN_OBJC_IMPLICIT_RETAIN_SELF = YES;
				CLANG_WARN_OBJC_LITERAL_CONVERSION = YES;
				CLANG_WARN_OBJC_ROOT_CLASS = YES_ERROR;
				CLANG_WARN_QUOTED_INCLUDE_IN_FRAMEWORK_HEADER = YES;
				CLANG_WARN_RANGE_LOOP_ANALYSIS = YES;
				CLANG_WARN_STRICT_PROTOTYPES = YES;
				CLANG_WARN_SUSPICIOUS_MOVE = YES;
				CLANG_WARN_UNGUARDED_AVAILABILITY = YES_AGGRESSIVE;
				CLANG_WARN_UNREACHABLE_CODE = YES;
				CLANG_WARN__DUPLICATE_METHOD_MATCH = YES;
				COPY_PHASE_STRIP = NO;
				DEBUG_INFORMATION_FORMAT = dwarf;
				ENABLE_STRICT_OBJC_MSGSEND = YES;
				ENABLE_TESTABILITY = YES;
				ENABLE_USER_SCRIPT_SANDBOXING = YES;
				GCC_C_LANGUAGE_STANDARD = gnu17;
				GCC_DYNAMIC_NO_PIC = NO;
				GCC_NO_COMMON_BLOCKS = YES;
				GCC_OPTIMIZATION_LEVEL = 0;
				GCC_PREPROCESSOR_DEFINITIONS = (
					"DEBUG=1",
					"$(inherited)",
				);
				GCC_WARN_64_TO_32_BIT_CONVERSION = YES;
				GCC_WARN_ABOUT_RETURN_TYPE = YES_ERROR;
				GCC_WARN_UNDECLARED_SELECTOR = YES;
				GCC_WARN_UNINITIALIZED_AUTOS = YES_AGGRESSIVE;
				GCC_WARN_UNUSED_FUNCTION = YES;
				GCC_WARN_UNUSED_VARIABLE = YES;
				IPHONEOS_DEPLOYMENT_TARGET = 17.2;
				LOCALIZATION_PREFERS_STRING_CATALOGS = YES;
				MTL_ENABLE_DEBUG_INFO = INCLUDE_SOURCE;
				MTL_FAST_MATH = YES;
				ONLY_ACTIVE_ARCH = YES;
				SDKROOT = iphoneos;
				SWIFT_ACTIVE_COMPILATION_CONDITIONS = "DEBUG $(inherited)";
				SWIFT_OPTIMIZATION_LEVEL = "-Onone";
			};
			name = Debug;
		};
		1EF34C902BDB35BD00E32C0A /* Release */ = {
			isa = XCBuildConfiguration;
			buildSettings = {
				ALWAYS_SEARCH_USER_PATHS = NO;
				ASSETCATALOG_COMPILER_GENERATE_SWIFT_ASSET_SYMBOL_EXTENSIONS = YES;
				CLANG_ANALYZER_NONNULL = YES;
				CLANG_ANALYZER_NUMBER_OBJECT_CONVERSION = YES_AGGRESSIVE;
				CLANG_CXX_LANGUAGE_STANDARD = "gnu++20";
				CLANG_ENABLE_MODULES = YES;
				CLANG_ENABLE_OBJC_ARC = YES;
				CLANG_ENABLE_OBJC_WEAK = YES;
				CLANG_WARN_BLOCK_CAPTURE_AUTORELEASING = YES;
				CLANG_WARN_BOOL_CONVERSION = YES;
				CLANG_WARN_COMMA = YES;
				CLANG_WARN_CONSTANT_CONVERSION = YES;
				CLANG_WARN_DEPRECATED_OBJC_IMPLEMENTATIONS = YES;
				CLANG_WARN_DIRECT_OBJC_ISA_USAGE = YES_ERROR;
				CLANG_WARN_DOCUMENTATION_COMMENTS = YES;
				CLANG_WARN_EMPTY_BODY = YES;
				CLANG_WARN_ENUM_CONVERSION = YES;
				CLANG_WARN_INFINITE_RECURSION = YES;
				CLANG_WARN_INT_CONVERSION = YES;
				CLANG_WARN_NON_LITERAL_NULL_CONVERSION = YES;
				CLANG_WARN_OBJC_IMPLICIT_RETAIN_SELF = YES;
				CLANG_WARN_OBJC_LITERAL_CONVERSION = YES;
				CLANG_WARN_OBJC_ROOT_CLASS = YES_ERROR;
				CLANG_WARN_QUOTED_INCLUDE_IN_FRAMEWORK_HEADER = YES;
				CLANG_WARN_RANGE_LOOP_ANALYSIS = YES;
				CLANG_WARN_STRICT_PROTOTYPES = YES;
				CLANG_WARN_SUSPICIOUS_MOVE = YES;
				CLANG_WARN_UNGUARDED_AVAILABILITY = YES_AGGRESSIVE;
				CLANG_WARN_UNREACHABLE_CODE = YES;
				CLANG_WARN__DUPLICATE_METHOD_MATCH = YES;
				COPY_PHASE_STRIP = NO;
				DEBUG_INFORMATION_FORMAT = "dwarf-with-dsym";
				ENABLE_NS_ASSERTIONS = NO;
				ENABLE_STRICT_OBJC_MSGSEND = YES;
				ENABLE_USER_SCRIPT_SANDBOXING = YES;
				GCC_C_LANGUAGE_STANDARD = gnu17;
				GCC_NO_COMMON_BLOCKS = YES;
				GCC_WARN_64_TO_32_BIT_CONVERSION = YES;
				GCC_WARN_ABOUT_RETURN_TYPE = YES_ERROR;
				GCC_WARN_UNDECLARED_SELECTOR = YES;
				GCC_WARN_UNINITIALIZED_AUTOS = YES_AGGRESSIVE;
				GCC_WARN_UNUSED_FUNCTION = YES;
				GCC_WARN_UNUSED_VARIABLE = YES;
				IPHONEOS_DEPLOYMENT_TARGET = 17.2;
				LOCALIZATION_PREFERS_STRING_CATALOGS = YES;
				MTL_ENABLE_DEBUG_INFO = NO;
				MTL_FAST_MATH = YES;
				SDKROOT = iphoneos;
				SWIFT_COMPILATION_MODE = wholemodule;
				VALIDATE_PRODUCT = YES;
			};
			name = Release;
		};
		1EF34C922BDB35BD00E32C0A /* Debug */ = {
			isa = XCBuildConfiguration;
			buildSettings = {
				ASSETCATALOG_COMPILER_APPICON_NAME = AppIcon;
				ASSETCATALOG_COMPILER_GLOBAL_ACCENT_COLOR_NAME = AccentColor;
				CODE_SIGN_ENTITLEMENTS = "Tile Estimate/Tile_Estimate.entitlements";
				CODE_SIGN_STYLE = Automatic;
				CURRENT_PROJECT_VERSION = 1;
				DEVELOPMENT_ASSET_PATHS = "\"Tile Estimate/Preview Content\"";
				DEVELOPMENT_TEAM = V82QRJ28YB;
				ENABLE_PREVIEWS = YES;
				GENERATE_INFOPLIST_FILE = YES;
				INFOPLIST_FILE = "Tile Estimate/Info.plist";
				INFOPLIST_KEY_LSApplicationCategoryType = "public.app-category.utilities";
				INFOPLIST_KEY_UIApplicationSceneManifest_Generation = YES;
				INFOPLIST_KEY_UIApplicationSupportsIndirectInputEvents = YES;
				INFOPLIST_KEY_UILaunchScreen_Generation = YES;
				INFOPLIST_KEY_UISupportedInterfaceOrientations = "UIInterfaceOrientationPortrait UIInterfaceOrientationPortraitUpsideDown";
				INFOPLIST_KEY_UIUserInterfaceStyle = Light;
				IPHONEOS_DEPLOYMENT_TARGET = 17.0;
				LD_RUNPATH_SEARCH_PATHS = (
					"$(inherited)",
					"@executable_path/Frameworks",
				);
				MARKETING_VERSION = 1.0;
				PRODUCT_BUNDLE_IDENTIFIER = "ADA.Tile-Estimate";
				PRODUCT_NAME = "$(TARGET_NAME)";
				SUPPORTED_PLATFORMS = "iphoneos iphonesimulator";
				SUPPORTS_MACCATALYST = NO;
				SUPPORTS_MAC_DESIGNED_FOR_IPHONE_IPAD = NO;
				SUPPORTS_XR_DESIGNED_FOR_IPHONE_IPAD = NO;
				SWIFT_EMIT_LOC_STRINGS = YES;
				SWIFT_VERSION = 5.0;
				TARGETED_DEVICE_FAMILY = 1;
			};
			name = Debug;
		};
		1EF34C932BDB35BD00E32C0A /* Release */ = {
			isa = XCBuildConfiguration;
			buildSettings = {
				ASSETCATALOG_COMPILER_APPICON_NAME = AppIcon;
				ASSETCATALOG_COMPILER_GLOBAL_ACCENT_COLOR_NAME = AccentColor;
				CODE_SIGN_ENTITLEMENTS = "Tile Estimate/Tile_Estimate.entitlements";
				CODE_SIGN_STYLE = Automatic;
				CURRENT_PROJECT_VERSION = 1;
				DEVELOPMENT_ASSET_PATHS = "\"Tile Estimate/Preview Content\"";
				DEVELOPMENT_TEAM = V82QRJ28YB;
				ENABLE_PREVIEWS = YES;
				GENERATE_INFOPLIST_FILE = YES;
				INFOPLIST_FILE = "Tile Estimate/Info.plist";
				INFOPLIST_KEY_LSApplicationCategoryType = "public.app-category.utilities";
				INFOPLIST_KEY_UIApplicationSceneManifest_Generation = YES;
				INFOPLIST_KEY_UIApplicationSupportsIndirectInputEvents = YES;
				INFOPLIST_KEY_UILaunchScreen_Generation = YES;
				INFOPLIST_KEY_UISupportedInterfaceOrientations = "UIInterfaceOrientationPortrait UIInterfaceOrientationPortraitUpsideDown";
				INFOPLIST_KEY_UIUserInterfaceStyle = Light;
				IPHONEOS_DEPLOYMENT_TARGET = 17.0;
				LD_RUNPATH_SEARCH_PATHS = (
					"$(inherited)",
					"@executable_path/Frameworks",
				);
				MARKETING_VERSION = 1.0;
				PRODUCT_BUNDLE_IDENTIFIER = "ADA.Tile-Estimate";
				PRODUCT_NAME = "$(TARGET_NAME)";
				SUPPORTED_PLATFORMS = "iphoneos iphonesimulator";
				SUPPORTS_MACCATALYST = NO;
				SUPPORTS_MAC_DESIGNED_FOR_IPHONE_IPAD = NO;
				SUPPORTS_XR_DESIGNED_FOR_IPHONE_IPAD = NO;
				SWIFT_EMIT_LOC_STRINGS = YES;
				SWIFT_VERSION = 5.0;
				TARGETED_DEVICE_FAMILY = 1;
			};
			name = Release;
		};
		1EF34C952BDB35BD00E32C0A /* Debug */ = {
			isa = XCBuildConfiguration;
			buildSettings = {
				ALWAYS_EMBED_SWIFT_STANDARD_LIBRARIES = YES;
				BUNDLE_LOADER = "$(TEST_HOST)";
				CODE_SIGN_STYLE = Automatic;
				CURRENT_PROJECT_VERSION = 1;
				GENERATE_INFOPLIST_FILE = YES;
				IPHONEOS_DEPLOYMENT_TARGET = 17.2;
				MARKETING_VERSION = 1.0;
				PRODUCT_BUNDLE_IDENTIFIER = "ADA.Tile-EstimateTests";
				PRODUCT_NAME = "$(TARGET_NAME)";
				SWIFT_EMIT_LOC_STRINGS = NO;
				SWIFT_VERSION = 5.0;
				TARGETED_DEVICE_FAMILY = "1,2";
				TEST_HOST = "$(BUILT_PRODUCTS_DIR)/Tile Estimate.app/$(BUNDLE_EXECUTABLE_FOLDER_PATH)/Tile Estimate";
			};
			name = Debug;
		};
		1EF34C962BDB35BD00E32C0A /* Release */ = {
			isa = XCBuildConfiguration;
			buildSettings = {
				ALWAYS_EMBED_SWIFT_STANDARD_LIBRARIES = YES;
				BUNDLE_LOADER = "$(TEST_HOST)";
				CODE_SIGN_STYLE = Automatic;
				CURRENT_PROJECT_VERSION = 1;
				GENERATE_INFOPLIST_FILE = YES;
				IPHONEOS_DEPLOYMENT_TARGET = 17.2;
				MARKETING_VERSION = 1.0;
				PRODUCT_BUNDLE_IDENTIFIER = "ADA.Tile-EstimateTests";
				PRODUCT_NAME = "$(TARGET_NAME)";
				SWIFT_EMIT_LOC_STRINGS = NO;
				SWIFT_VERSION = 5.0;
				TARGETED_DEVICE_FAMILY = "1,2";
				TEST_HOST = "$(BUILT_PRODUCTS_DIR)/Tile Estimate.app/$(BUNDLE_EXECUTABLE_FOLDER_PATH)/Tile Estimate";
			};
			name = Release;
		};
		1EF34C982BDB35BD00E32C0A /* Debug */ = {
			isa = XCBuildConfiguration;
			buildSettings = {
				ALWAYS_EMBED_SWIFT_STANDARD_LIBRARIES = YES;
				CODE_SIGN_STYLE = Automatic;
				CURRENT_PROJECT_VERSION = 1;
				GENERATE_INFOPLIST_FILE = YES;
				MARKETING_VERSION = 1.0;
				PRODUCT_BUNDLE_IDENTIFIER = "ADA.Tile-EstimateUITests";
				PRODUCT_NAME = "$(TARGET_NAME)";
				SWIFT_EMIT_LOC_STRINGS = NO;
				SWIFT_VERSION = 5.0;
				TARGETED_DEVICE_FAMILY = "1,2";
				TEST_TARGET_NAME = "Tile Estimate";
			};
			name = Debug;
		};
		1EF34C992BDB35BD00E32C0A /* Release */ = {
			isa = XCBuildConfiguration;
			buildSettings = {
				ALWAYS_EMBED_SWIFT_STANDARD_LIBRARIES = YES;
				CODE_SIGN_STYLE = Automatic;
				CURRENT_PROJECT_VERSION = 1;
				GENERATE_INFOPLIST_FILE = YES;
				MARKETING_VERSION = 1.0;
				PRODUCT_BUNDLE_IDENTIFIER = "ADA.Tile-EstimateUITests";
				PRODUCT_NAME = "$(TARGET_NAME)";
				SWIFT_EMIT_LOC_STRINGS = NO;
				SWIFT_VERSION = 5.0;
				TARGETED_DEVICE_FAMILY = "1,2";
				TEST_TARGET_NAME = "Tile Estimate";
			};
			name = Release;
		};
/* End XCBuildConfiguration section */

/* Begin XCConfigurationList section */
		1EF34C642BDB35BB00E32C0A /* Build configuration list for PBXProject "Tile Estimate" */ = {
			isa = XCConfigurationList;
			buildConfigurations = (
				1EF34C8F2BDB35BD00E32C0A /* Debug */,
				1EF34C902BDB35BD00E32C0A /* Release */,
			);
			defaultConfigurationIsVisible = 0;
			defaultConfigurationName = Release;
		};
		1EF34C912BDB35BD00E32C0A /* Build configuration list for PBXNativeTarget "Tile Estimate" */ = {
			isa = XCConfigurationList;
			buildConfigurations = (
				1EF34C922BDB35BD00E32C0A /* Debug */,
				1EF34C932BDB35BD00E32C0A /* Release */,
			);
			defaultConfigurationIsVisible = 0;
			defaultConfigurationName = Release;
		};
		1EF34C942BDB35BD00E32C0A /* Build configuration list for PBXNativeTarget "Tile EstimateTests" */ = {
			isa = XCConfigurationList;
			buildConfigurations = (
				1EF34C952BDB35BD00E32C0A /* Debug */,
				1EF34C962BDB35BD00E32C0A /* Release */,
			);
			defaultConfigurationIsVisible = 0;
			defaultConfigurationName = Release;
		};
		1EF34C972BDB35BD00E32C0A /* Build configuration list for PBXNativeTarget "Tile EstimateUITests" */ = {
			isa = XCConfigurationList;
			buildConfigurations = (
				1EF34C982BDB35BD00E32C0A /* Debug */,
				1EF34C992BDB35BD00E32C0A /* Release */,
			);
			defaultConfigurationIsVisible = 0;
			defaultConfigurationName = Release;
		};
/* End XCConfigurationList section */
	};
	rootObject = 1EF34C612BDB35BB00E32C0A /* Project object */;
}
